
Microsoft Visual Studio Solution File, Format Version 12.00
# Visual Studio Version 16
VisualStudioVersion = 16.0.30717.126
MinimumVisualStudioVersion = 10.0.40219.1
Project("{FAE04EC0-301F-11D3-BF4B-00C04F79EFBC}") = "SpadStorePanel.Web", "SpadStorePanel.Web\SpadStorePanel.Web.csproj", "{057F187D-1C0B-4CB1-832D-4045483CF76F}"
EndProject
Project("{FAE04EC0-301F-11D3-BF4B-00C04F79EFBC}") = "SpadStorePanel.Core", "SpadStorePanel.Core\SpadStorePanel.Core.csproj", "{C6ED4C15-B766-4891-82C7-C1A59B6B30D6}"
EndProject
Project("{FAE04EC0-301F-11D3-BF4B-00C04F79EFBC}") = "SpadStorePanel.Infrastructure", "SpadStorePanel.Infrastructure\SpadStorePanel.Infrastructure.csproj", "{6B7EDE27-F512-480B-8DB4-D7BE1DBD0BDB}"
EndProject
Global
	GlobalSection(SolutionConfigurationPlatforms) = preSolution
		Debug|Any CPU = Debug|Any CPU
		Release|Any CPU = Release|Any CPU
	EndGlobalSection
	GlobalSection(ProjectConfigurationPlatforms) = postSolution
		{057F187D-1C0B-4CB1-832D-4045483CF76F}.Debug|Any CPU.ActiveCfg = Debug|Any CPU
		{057F187D-1C0B-4CB1-832D-4045483CF76F}.Debug|Any CPU.Build.0 = Debug|Any CPU
		{057F187D-1C0B-4CB1-832D-4045483CF76F}.Release|Any CPU.ActiveCfg = Release|Any CPU
		{057F187D-1C0B-4CB1-832D-4045483CF76F}.Release|Any CPU.Build.0 = Release|Any CPU
		{C6ED4C15-B766-4891-82C7-C1A59B6B30D6}.Debug|Any CPU.ActiveCfg = Debug|Any CPU
		{C6ED4C15-B766-4891-82C7-C1A59B6B30D6}.Debug|Any CPU.Build.0 = Debug|Any CPU
		{C6ED4C15-B766-4891-82C7-C1A59B6B30D6}.Release|Any CPU.ActiveCfg = Release|Any CPU
		{C6ED4C15-B766-4891-82C7-C1A59B6B30D6}.Release|Any CPU.Build.0 = Release|Any CPU
		{6B7EDE27-F512-480B-8DB4-D7BE1DBD0BDB}.Debug|Any CPU.ActiveCfg = Debug|Any CPU
		{6B7EDE27-F512-480B-8DB4-D7BE1DBD0BDB}.Debug|Any CPU.Build.0 = Debug|Any CPU
		{6B7EDE27-F512-480B-8DB4-D7BE1DBD0BDB}.Release|Any CPU.ActiveCfg = Release|Any CPU
		{6B7EDE27-F512-480B-8DB4-D7BE1DBD0BDB}.Release|Any CPU.Build.0 = Release|Any CPU
	EndGlobalSection
	GlobalSection(SolutionProperties) = preSolution
		HideSolutionNode = FALSE
	EndGlobalSection
	GlobalSection(ExtensibilityGlobals) = postSolution
		SolutionGuid = {ADDC45FF-9F0D-4520-90C3-C5B3E98A14F2}
	EndGlobalSection
EndGlobal
